
Microsoft Visual Studio Solution File, Format Version 12.00
# Visual Studio Version 17
VisualStudioVersion = 17.5.33530.505
MinimumVisualStudioVersion = 10.0.40219.1
Project("{FAE04EC0-301F-11D3-BF4B-00C04F79EFBC}") = "FuncApp", "FuncApp\FuncApp.csproj", "{FCAECB63-9E60-4B9E-A9A8-99D7034DEC7C}"
EndProject
Global
	GlobalSection(SolutionConfigurationPlatforms) = preSolution
		Debug|Any CPU = Debug|Any CPU
		Release|Any CPU = Release|Any CPU
	EndGlobalSection
	GlobalSection(ProjectConfigurationPlatforms) = postSolution
		{FCAECB63-9E60-4B9E-A9A8-99D7034DEC7C}.Debug|Any CPU.ActiveCfg = Debug|Any CPU
		{FCAECB63-9E60-4B9E-A9A8-99D7034DEC7C}.Debug|Any CPU.Build.0 = Debug|Any CPU
		{FCAECB63-9E60-4B9E-A9A8-99D7034DEC7C}.Release|Any CPU.ActiveCfg = Release|Any CPU
		{FCAECB63-9E60-4B9E-A9A8-99D7034DEC7C}.Release|Any CPU.Build.0 = Release|Any CPU
	EndGlobalSection
	GlobalSection(SolutionProperties) = preSolution
		HideSolutionNode = FALSE
	EndGlobalSection
	GlobalSection(ExtensibilityGlobals) = postSolution
		SolutionGuid = {F6CF916A-F1B9-4CCB-ACF3-1C10545ADBD5}
	EndGlobalSection
EndGlobal
